// !$*UTF8*$!
{
	archiveVersion = 1;
	classes = {
	};
	objectVersion = 50;
	objects = {

/* Begin PBXBuildFile section */
		235B729A23561BF000A3B98F /* AppDelegate.swift in Sources */ = {isa = PBXBuildFile; fileRef = 235B729923561BF000A3B98F /* AppDelegate.swift */; };
		235B729C23561BF000A3B98F /* SceneDelegate.swift in Sources */ = {isa = PBXBuildFile; fileRef = 235B729B23561BF000A3B98F /* SceneDelegate.swift */; };
		235B729E23561BF000A3B98F /* ViewController.swift in Sources */ = {isa = PBXBuildFile; fileRef = 235B729D23561BF000A3B98F /* ViewController.swift */; };
		235B72A123561BF000A3B98F /* Main.storyboard in Resources */ = {isa = PBXBuildFile; fileRef = 235B729F23561BF000A3B98F /* Main.storyboard */; };
		235B72A323561BF400A3B98F /* Assets.xcassets in Resources */ = {isa = PBXBuildFile; fileRef = 235B72A223561BF400A3B98F /* Assets.xcassets */; };
		235B72A623561BF400A3B98F /* LaunchScreen.storyboard in Resources */ = {isa = PBXBuildFile; fileRef = 235B72A423561BF400A3B98F /* LaunchScreen.storyboard */; };
		235B72B123561BF400A3B98F /* BattleshipTests.swift in Sources */ = {isa = PBXBuildFile; fileRef = 235B72B023561BF400A3B98F /* BattleshipTests.swift */; };
		235B72BC23561BF400A3B98F /* BattleshipUITests.swift in Sources */ = {isa = PBXBuildFile; fileRef = 235B72BB23561BF400A3B98F /* BattleshipUITests.swift */; };
/* End PBXBuildFile section */

/* Begin PBXContainerItemProxy section */
		235B72AD23561BF400A3B98F /* PBXContainerItemProxy */ = {
			isa = PBXContainerItemProxy;
			containerPortal = 235B728E23561BF000A3B98F /* Project object */;
			proxyType = 1;
			remoteGlobalIDString = 235B729523561BF000A3B98F;
			remoteInfo = Battleship;
		};
		235B72B823561BF400A3B98F /* PBXContainerItemProxy */ = {
			isa = PBXContainerItemProxy;
			containerPortal = 235B728E23561BF000A3B98F /* Project object */;
			proxyType = 1;
			remoteGlobalIDString = 235B729523561BF000A3B98F;
			remoteInfo = Battleship;
		};
/* End PBXContainerItemProxy section */

/* Begin PBXFileReference section */
		235B729623561BF000A3B98F /* Battleship.app */ = {isa = PBXFileReference; explicitFileType = wrapper.application; includeInIndex = 0; path = Battleship.app; sourceTree = BUILT_PRODUCTS_DIR; };
		235B729923561BF000A3B98F /* AppDelegate.swift */ = {isa = PBXFileReference; lastKnownFileType = sourcecode.swift; path = AppDelegate.swift; sourceTree = "<group>"; };
		235B729B23561BF000A3B98F /* SceneDelegate.swift */ = {isa = PBXFileReference; lastKnownFileType = sourcecode.swift; path = SceneDelegate.swift; sourceTree = "<group>"; };
		235B729D23561BF000A3B98F /* ViewController.swift */ = {isa = PBXFileReference; lastKnownFileType = sourcecode.swift; path = ViewController.swift; sourceTree = "<group>"; };
		235B72A023561BF000A3B98F /* Base */ = {isa = PBXFileReference; lastKnownFileType = file.storyboard; name = Base; path = Base.lproj/Main.storyboard; sourceTree = "<group>"; };
		235B72A223561BF400A3B98F /* Assets.xcassets */ = {isa = PBXFileReference; lastKnownFileType = folder.assetcatalog; path = Assets.xcassets; sourceTree = "<group>"; };
		235B72A523561BF400A3B98F /* Base */ = {isa = PBXFileReference; lastKnownFileType = file.storyboard; name = Base; path = Base.lproj/LaunchScreen.storyboard; sourceTree = "<group>"; };
		235B72A723561BF400A3B98F /* Info.plist */ = {isa = PBXFileReference; lastKnownFileType = text.plist.xml; path = Info.plist; sourceTree = "<group>"; };
		235B72AC23561BF400A3B98F /* BattleshipTests.xctest */ = {isa = PBXFileReference; explicitFileType = wrapper.cfbundle; includeInIndex = 0; path = BattleshipTests.xctest; sourceTree = BUILT_PRODUCTS_DIR; };
		235B72B023561BF400A3B98F /* BattleshipTests.swift */ = {isa = PBXFileReference; lastKnownFileType = sourcecode.swift; path = BattleshipTests.swift; sourceTree = "<group>"; };
		235B72B223561BF400A3B98F /* Info.plist */ = {isa = PBXFileReference; lastKnownFileType = text.plist.xml; path = Info.plist; sourceTree = "<group>"; };
		235B72B723561BF400A3B98F /* BattleshipUITests.xctest */ = {isa = PBXFileReference; explicitFileType = wrapper.cfbundle; includeInIndex = 0; path = BattleshipUITests.xctest; sourceTree = BUILT_PRODUCTS_DIR; };
		235B72BB23561BF400A3B98F /* BattleshipUITests.swift */ = {isa = PBXFileReference; lastKnownFileType = sourcecode.swift; path = BattleshipUITests.swift; sourceTree = "<group>"; };
		235B72BD23561BF400A3B98F /* Info.plist */ = {isa = PBXFileReference; lastKnownFileType = text.plist.xml; path = Info.plist; sourceTree = "<group>"; };
/* End PBXFileReference section */

/* Begin PBXFrameworksBuildPhase section */
		235B729323561BF000A3B98F /* Frameworks */ = {
			isa = PBXFrameworksBuildPhase;
			buildActionMask = 2147483647;
			files = (
			);
			runOnlyForDeploymentPostprocessing = 0;
		};
		235B72A923561BF400A3B98F /* Frameworks */ = {
			isa = PBXFrameworksBuildPhase;
			buildActionMask = 2147483647;
			files = (
			);
			runOnlyForDeploymentPostprocessing = 0;
		};
		235B72B423561BF400A3B98F /* Frameworks */ = {
			isa = PBXFrameworksBuildPhase;
			buildActionMask = 2147483647;
			files = (
			);
			runOnlyForDeploymentPostprocessing = 0;
		};
/* End PBXFrameworksBuildPhase section */

/* Begin PBXGroup section */
		235B728D23561BF000A3B98F = {
			isa = PBXGroup;
			children = (
				235B729823561BF000A3B98F /* Battleship */,
				235B72AF23561BF400A3B98F /* BattleshipTests */,
				235B72BA23561BF400A3B98F /* BattleshipUITests */,
				235B729723561BF000A3B98F /* Products */,
			);
			sourceTree = "<group>";
		};
		235B729723561BF000A3B98F /* Products */ = {
			isa = PBXGroup;
			children = (
				235B729623561BF000A3B98F /* Battleship.app */,
				235B72AC23561BF400A3B98F /* BattleshipTests.xctest */,
				235B72B723561BF400A3B98F /* BattleshipUITests.xctest */,
			);
			name = Products;
			sourceTree = "<group>";
		};
		235B729823561BF000A3B98F /* Battleship */ = {
			isa = PBXGroup;
			children = (
				235B729923561BF000A3B98F /* AppDelegate.swift */,
				235B729B23561BF000A3B98F /* SceneDelegate.swift */,
				235B729D23561BF000A3B98F /* ViewController.swift */,
				235B729F23561BF000A3B98F /* Main.storyboard */,
				235B72A223561BF400A3B98F /* Assets.xcassets */,
				235B72A423561BF400A3B98F /* LaunchScreen.storyboard */,
				235B72A723561BF400A3B98F /* Info.plist */,
			);
			path = Battleship;
			sourceTree = "<group>";
		};
		235B72AF23561BF400A3B98F /* BattleshipTests */ = {
			isa = PBXGroup;
			children = (
				235B72B023561BF400A3B98F /* BattleshipTests.swift */,
				235B72B223561BF400A3B98F /* Info.plist */,
			);
			path = BattleshipTests;
			sourceTree = "<group>";
		};
		235B72BA23561BF400A3B98F /* BattleshipUITests */ = {
			isa = PBXGroup;
			children = (
				235B72BB23561BF400A3B98F /* BattleshipUITests.swift */,
				235B72BD23561BF400A3B98F /* Info.plist */,
			);
			path = BattleshipUITests;
			sourceTree = "<group>";
		};
/* End PBXGroup section */

/* Begin PBXNativeTarget section */
		235B729523561BF000A3B98F /* Battleship */ = {
			isa = PBXNativeTarget;
			buildConfigurationList = 235B72C023561BF400A3B98F /* Build configuration list for PBXNativeTarget "Battleship" */;
			buildPhases = (
				235B729223561BF000A3B98F /* Sources */,
				235B729323561BF000A3B98F /* Frameworks */,
				235B729423561BF000A3B98F /* Resources */,
			);
			buildRules = (
			);
			dependencies = (
			);
			name = Battleship;
			productName = Battleship;
			productReference = 235B729623561BF000A3B98F /* Battleship.app */;
			productType = "com.apple.product-type.application";
		};
		235B72AB23561BF400A3B98F /* BattleshipTests */ = {
			isa = PBXNativeTarget;
			buildConfigurationList = 235B72C323561BF400A3B98F /* Build configuration list for PBXNativeTarget "BattleshipTests" */;
			buildPhases = (
				235B72A823561BF400A3B98F /* Sources */,
				235B72A923561BF400A3B98F /* Frameworks */,
				235B72AA23561BF400A3B98F /* Resources */,
			);
			buildRules = (
			);
			dependencies = (
				235B72AE23561BF400A3B98F /* PBXTargetDependency */,
			);
			name = BattleshipTests;
			productName = BattleshipTests;
			productReference = 235B72AC23561BF400A3B98F /* BattleshipTests.xctest */;
			productType = "com.apple.product-type.bundle.unit-test";
		};
		235B72B623561BF400A3B98F /* BattleshipUITests */ = {
			isa = PBXNativeTarget;
			buildConfigurationList = 235B72C623561BF400A3B98F /* Build configuration list for PBXNativeTarget "BattleshipUITests" */;
			buildPhases = (
				235B72B323561BF400A3B98F /* Sources */,
				235B72B423561BF400A3B98F /* Frameworks */,
				235B72B523561BF400A3B98F /* Resources */,
			);
			buildRules = (
			);
			dependencies = (
				235B72B923561BF400A3B98F /* PBXTargetDependency */,
			);
			name = BattleshipUITests;
			productName = BattleshipUITests;
			productReference = 235B72B723561BF400A3B98F /* BattleshipUITests.xctest */;
			productType = "com.apple.product-type.bundle.ui-testing";
		};
/* End PBXNativeTarget section */

/* Begin PBXProject section */
		235B728E23561BF000A3B98F /* Project object */ = {
			isa = PBXProject;
			attributes = {
				LastSwiftUpdateCheck = 1110;
				LastUpgradeCheck = 1110;
				ORGANIZATIONNAME = "Emin Emini";
				TargetAttributes = {
					235B729523561BF000A3B98F = {
						CreatedOnToolsVersion = 11.1;
					};
					235B72AB23561BF400A3B98F = {
						CreatedOnToolsVersion = 11.1;
						TestTargetID = 235B729523561BF000A3B98F;
					};
					235B72B623561BF400A3B98F = {
						CreatedOnToolsVersion = 11.1;
						TestTargetID = 235B729523561BF000A3B98F;
					};
				};
			};
			buildConfigurationList = 235B729123561BF000A3B98F /* Build configuration list for PBXProject "Battleship" */;
			compatibilityVersion = "Xcode 9.3";
			developmentRegion = en;
			hasScannedForEncodings = 0;
			knownRegions = (
				en,
				Base,
			);
			mainGroup = 235B728D23561BF000A3B98F;
			productRefGroup = 235B729723561BF000A3B98F /* Products */;
			projectDirPath = "";
			projectRoot = "";
			targets = (
				235B729523561BF000A3B98F /* Battleship */,
				235B72AB23561BF400A3B98F /* BattleshipTests */,
				235B72B623561BF400A3B98F /* BattleshipUITests */,
			);
		};
/* End PBXProject section */

/* Begin PBXResourcesBuildPhase section */
		235B729423561BF000A3B98F /* Resources */ = {
			isa = PBXResourcesBuildPhase;
			buildActionMask = 2147483647;
			files = (
				235B72A623561BF400A3B98F /* LaunchScreen.storyboard in Resources */,
				235B72A323561BF400A3B98F /* Assets.xcassets in Resources */,
				235B72A123561BF000A3B98F /* Main.storyboard in Resources */,
			);
			runOnlyForDeploymentPostprocessing = 0;
		};
		235B72AA23561BF400A3B98F /* Resources */ = {
			isa = PBXResourcesBuildPhase;
			buildActionMask = 2147483647;
			files = (
			);
			runOnlyForDeploymentPostprocessing = 0;
		};
		235B72B523561BF400A3B98F /* Resources */ = {
			isa = PBXResourcesBuildPhase;
			buildActionMask = 2147483647;
			files = (
			);
			runOnlyForDeploymentPostprocessing = 0;
		};
/* End PBXResourcesBuildPhase section */

/* Begin PBXSourcesBuildPhase section */
		235B729223561BF000A3B98F /* Sources */ = {
			isa = PBXSourcesBuildPhase;
			buildActionMask = 2147483647;
			files = (
				235B729E23561BF000A3B98F /* ViewController.swift in Sources */,
				235B729A23561BF000A3B98F /* AppDelegate.swift in Sources */,
				235B729C23561BF000A3B98F /* SceneDelegate.swift in Sources */,
			);
			runOnlyForDeploymentPostprocessing = 0;
		};
		235B72A823561BF400A3B98F /* Sources */ = {
			isa = PBXSourcesBuildPhase;
			buildActionMask = 2147483647;
			files = (
				235B72B123561BF400A3B98F /* BattleshipTests.swift in Sources */,
			);
			runOnlyForDeploymentPostprocessing = 0;
		};
		235B72B323561BF400A3B98F /* Sources */ = {
			isa = PBXSourcesBuildPhase;
			buildActionMask = 2147483647;
			files = (
				235B72BC23561BF400A3B98F /* BattleshipUITests.swift in Sources */,
			);
			runOnlyForDeploymentPostprocessing = 0;
		};
/* End PBXSourcesBuildPhase section */

/* Begin PBXTargetDependency section */
		235B72AE23561BF400A3B98F /* PBXTargetDependency */ = {
			isa = PBXTargetDependency;
			target = 235B729523561BF000A3B98F /* Battleship */;
			targetProxy = 235B72AD23561BF400A3B98F /* PBXContainerItemProxy */;
		};
		235B72B923561BF400A3B98F /* PBXTargetDependency */ = {
			isa = PBXTargetDependency;
			target = 235B729523561BF000A3B98F /* Battleship */;
			targetProxy = 235B72B823561BF400A3B98F /* PBXContainerItemProxy */;
		};
/* End PBXTargetDependency section */

/* Begin PBXVariantGroup section */
		235B729F23561BF000A3B98F /* Main.storyboard */ = {
			isa = PBXVariantGroup;
			children = (
				235B72A023561BF000A3B98F /* Base */,
			);
			name = Main.storyboard;
			sourceTree = "<group>";
		};
		235B72A423561BF400A3B98F /* LaunchScreen.storyboard */ = {
			isa = PBXVariantGroup;
			children = (
				235B72A523561BF400A3B98F /* Base */,
			);
			name = LaunchScreen.storyboard;
			sourceTree = "<group>";
		};
/* End PBXVariantGroup section */

/* Begin XCBuildConfiguration section */
		235B72BE23561BF400A3B98F /* Debug */ = {
			isa = XCBuildConfiguration;
			buildSettings = {
				ALWAYS_SEARCH_USER_PATHS = NO;
				CLANG_ANALYZER_NONNULL = YES;
				CLANG_ANALYZER_NUMBER_OBJECT_CONVERSION = YES_AGGRESSIVE;
				CLANG_CXX_LANGUAGE_STANDARD = "gnu++14";
				CLANG_CXX_LIBRARY = "libc++";
				CLANG_ENABLE_MODULES = YES;
				CLANG_ENABLE_OBJC_ARC = YES;
				CLANG_ENABLE_OBJC_WEAK = YES;
				CLANG_WARN_BLOCK_CAPTURE_AUTORELEASING = YES;
				CLANG_WARN_BOOL_CONVERSION = YES;
				CLANG_WARN_COMMA = YES;
				CLANG_WARN_CONSTANT_CONVERSION = YES;
				CLANG_WARN_DEPRECATED_OBJC_IMPLEMENTATIONS = YES;
				CLANG_WARN_DIRECT_OBJC_ISA_USAGE = YES_ERROR;
				CLANG_WARN_DOCUMENTATION_COMMENTS = YES;
				CLANG_WARN_EMPTY_BODY = YES;
				CLANG_WARN_ENUM_CONVERSION = YES;
				CLANG_WARN_INFINITE_RECURSION = YES;
				CLANG_WARN_INT_CONVERSION = YES;
				CLANG_WARN_NON_LITERAL_NULL_CONVERSION = YES;
				CLANG_WARN_OBJC_IMPLICIT_RETAIN_SELF = YES;
				CLANG_WARN_OBJC_LITERAL_CONVERSION = YES;
				CLANG_WARN_OBJC_ROOT_CLASS = YES_ERROR;
				CLANG_WARN_RANGE_LOOP_ANALYSIS = YES;
				CLANG_WARN_STRICT_PROTOTYPES = YES;
				CLANG_WARN_SUSPICIOUS_MOVE = YES;
				CLANG_WARN_UNGUARDED_AVAILABILITY = YES_AGGRESSIVE;
				CLANG_WARN_UNREACHABLE_CODE = YES;
				CLANG_WARN__DUPLICATE_METHOD_MATCH = YES;
				COPY_PHASE_STRIP = NO;
				DEBUG_INFORMATION_FORMAT = dwarf;
				ENABLE_STRICT_OBJC_MSGSEND = YES;
				ENABLE_TESTABILITY = YES;
				GCC_C_LANGUAGE_STANDARD = gnu11;
				GCC_DYNAMIC_NO_PIC = NO;
				GCC_NO_COMMON_BLOCKS = YES;
				GCC_OPTIMIZATION_LEVEL = 0;
				GCC_PREPROCESSOR_DEFINITIONS = (
					"DEBUG=1",
					"$(inherited)",
				);
				GCC_WARN_64_TO_32_BIT_CONVERSION = YES;
				GCC_WARN_ABOUT_RETURN_TYPE = YES_ERROR;
				GCC_WARN_UNDECLARED_SELECTOR = YES;
				GCC_WARN_UNINITIALIZED_AUTOS = YES_AGGRESSIVE;
				GCC_WARN_UNUSED_FUNCTION = YES;
				GCC_WARN_UNUSED_VARIABLE = YES;
				IPHONEOS_DEPLOYMENT_TARGET = 13.1;
				MTL_ENABLE_DEBUG_INFO = INCLUDE_SOURCE;
				MTL_FAST_MATH = YES;
				ONLY_ACTIVE_ARCH = YES;
				SDKROOT = iphoneos;
				SWIFT_ACTIVE_COMPILATION_CONDITIONS = DEBUG;
				SWIFT_OPTIMIZATION_LEVEL = "-Onone";
			};
			name = Debug;
		};
		235B72BF23561BF400A3B98F /* Release */ = {
			isa = XCBuildConfiguration;
			buildSettings = {
				ALWAYS_SEARCH_USER_PATHS = NO;
				CLANG_ANALYZER_NONNULL = YES;
				CLANG_ANALYZER_NUMBER_OBJECT_CONVERSION = YES_AGGRESSIVE;
				CLANG_CXX_LANGUAGE_STANDARD = "gnu++14";
				CLANG_CXX_LIBRARY = "libc++";
				CLANG_ENABLE_MODULES = YES;
				CLANG_ENABLE_OBJC_ARC = YES;
				CLANG_ENABLE_OBJC_WEAK = YES;
				CLANG_WARN_BLOCK_CAPTURE_AUTORELEASING = YES;
				CLANG_WARN_BOOL_CONVERSION = YES;
				CLANG_WARN_COMMA = YES;
				CLANG_WARN_CONSTANT_CONVERSION = YES;
				CLANG_WARN_DEPRECATED_OBJC_IMPLEMENTATIONS = YES;
				CLANG_WARN_DIRECT_OBJC_ISA_USAGE = YES_ERROR;
				CLANG_WARN_DOCUMENTATION_COMMENTS = YES;
				CLANG_WARN_EMPTY_BODY = YES;
				CLANG_WARN_ENUM_CONVERSION = YES;
				CLANG_WARN_INFINITE_RECURSION = YES;
				CLANG_WARN_INT_CONVERSION = YES;
				CLANG_WARN_NON_LITERAL_NULL_CONVERSION = YES;
				CLANG_WARN_OBJC_IMPLICIT_RETAIN_SELF = YES;
				CLANG_WARN_OBJC_LITERAL_CONVERSION = YES;
				CLANG_WARN_OBJC_ROOT_CLASS = YES_ERROR;
				CLANG_WARN_RANGE_LOOP_ANALYSIS = YES;
				CLANG_WARN_STRICT_PROTOTYPES = YES;
				CLANG_WARN_SUSPICIOUS_MOVE = YES;
				CLANG_WARN_UNGUARDED_AVAILABILITY = YES_AGGRESSIVE;
				CLANG_WARN_UNREACHABLE_CODE = YES;
				CLANG_WARN__DUPLICATE_METHOD_MATCH = YES;
				COPY_PHASE_STRIP = NO;
				DEBUG_INFORMATION_FORMAT = "dwarf-with-dsym";
				ENABLE_NS_ASSERTIONS = NO;
				ENABLE_STRICT_OBJC_MSGSEND = YES;
				GCC_C_LANGUAGE_STANDARD = gnu11;
				GCC_NO_COMMON_BLOCKS = YES;
				GCC_WARN_64_TO_32_BIT_CONVERSION = YES;
				GCC_WARN_ABOUT_RETURN_TYPE = YES_ERROR;
				GCC_WARN_UNDECLARED_SELECTOR = YES;
				GCC_WARN_UNINITIALIZED_AUTOS = YES_AGGRESSIVE;
				GCC_WARN_UNUSED_FUNCTION = YES;
				GCC_WARN_UNUSED_VARIABLE = YES;
				IPHONEOS_DEPLOYMENT_TARGET = 13.1;
				MTL_ENABLE_DEBUG_INFO = NO;
				MTL_FAST_MATH = YES;
				SDKROOT = iphoneos;
				SWIFT_COMPILATION_MODE = wholemodule;
				SWIFT_OPTIMIZATION_LEVEL = "-O";
				VALIDATE_PRODUCT = YES;
			};
			name = Release;
		};
		235B72C123561BF400A3B98F /* Debug */ = {
			isa = XCBuildConfiguration;
			buildSettings = {
				ASSETCATALOG_COMPILER_APPICON_NAME = AppIcon;
				CODE_SIGN_STYLE = Automatic;
				DEVELOPMENT_TEAM = 392NZUSY8M;
				INFOPLIST_FILE = Battleship/Info.plist;
				LD_RUNPATH_SEARCH_PATHS = (
					"$(inherited)",
					"@executable_path/Frameworks",
				);
				PRODUCT_BUNDLE_IDENTIFIER = "Emin-Emini.Battleship";
				PRODUCT_NAME = "$(TARGET_NAME)";
				SWIFT_VERSION = 5.0;
				TARGETED_DEVICE_FAMILY = "1,2";
			};
			name = Debug;
		};
		235B72C223561BF400A3B98F /* Release */ = {
			isa = XCBuildConfiguration;
			buildSettings = {
				ASSETCATALOG_COMPILER_APPICON_NAME = AppIcon;
				CODE_SIGN_STYLE = Automatic;
				DEVELOPMENT_TEAM = 392NZUSY8M;
				INFOPLIST_FILE = Battleship/Info.plist;
				LD_RUNPATH_SEARCH_PATHS = (
					"$(inherited)",
					"@executable_path/Frameworks",
				);
				PRODUCT_BUNDLE_IDENTIFIER = "Emin-Emini.Battleship";
				PRODUCT_NAME = "$(TARGET_NAME)";
				SWIFT_VERSION = 5.0;
				TARGETED_DEVICE_FAMILY = "1,2";
			};
			name = Release;
		};
		235B72C423561BF400A3B98F /* Debug */ = {
			isa = XCBuildConfiguration;
			buildSettings = {
				ALWAYS_EMBED_SWIFT_STANDARD_LIBRARIES = YES;
				BUNDLE_LOADER = "$(TEST_HOST)";
				CODE_SIGN_STYLE = Automatic;
				DEVELOPMENT_TEAM = 392NZUSY8M;
				INFOPLIST_FILE = BattleshipTests/Info.plist;
				IPHONEOS_DEPLOYMENT_TARGET = 13.1;
				LD_RUNPATH_SEARCH_PATHS = (
					"$(inherited)",
					"@executable_path/Frameworks",
					"@loader_path/Frameworks",
				);
				PRODUCT_BUNDLE_IDENTIFIER = "Emin-Emini.BattleshipTests";
				PRODUCT_NAME = "$(TARGET_NAME)";
				SWIFT_VERSION = 5.0;
				TARGETED_DEVICE_FAMILY = "1,2";
				TEST_HOST = "$(BUILT_PRODUCTS_DIR)/Battleship.app/Battleship";
			};
			name = Debug;
		};
		235B72C523561BF400A3B98F /* Release */ = {
			isa = XCBuildConfiguration;
			buildSettings = {
				ALWAYS_EMBED_SWIFT_STANDARD_LIBRARIES = YES;
				BUNDLE_LOADER = "$(TEST_HOST)";
				CODE_SIGN_STYLE = Automatic;
				DEVELOPMENT_TEAM = 392NZUSY8M;
				INFOPLIST_FILE = BattleshipTests/Info.plist;
				IPHONEOS_DEPLOYMENT_TARGET = 13.1;
				LD_RUNPATH_SEARCH_PATHS = (
					"$(inherited)",
					"@executable_path/Frameworks",
					"@loader_path/Frameworks",
				);
				PRODUCT_BUNDLE_IDENTIFIER = "Emin-Emini.BattleshipTests";
				PRODUCT_NAME = "$(TARGET_NAME)";
				SWIFT_VERSION = 5.0;
				TARGETED_DEVICE_FAMILY = "1,2";
				TEST_HOST = "$(BUILT_PRODUCTS_DIR)/Battleship.app/Battleship";
			};
			name = Release;
		};
		235B72C723561BF400A3B98F /* Debug */ = {
			isa = XCBuildConfiguration;
			buildSettings = {
				ALWAYS_EMBED_SWIFT_STANDARD_LIBRARIES = YES;
				CODE_SIGN_STYLE = Automatic;
				DEVELOPMENT_TEAM = 392NZUSY8M;
				INFOPLIST_FILE = BattleshipUITests/Info.plist;
				LD_RUNPATH_SEARCH_PATHS = (
					"$(inherited)",
					"@executable_path/Frameworks",
					"@loader_path/Frameworks",
				);
				PRODUCT_BUNDLE_IDENTIFIER = "Emin-Emini.BattleshipUITests";
				PRODUCT_NAME = "$(TARGET_NAME)";
				SWIFT_VERSION = 5.0;
				TARGETED_DEVICE_FAMILY = "1,2";
				TEST_TARGET_NAME = Battleship;
			};
			name = Debug;
		};
		235B72C823561BF400A3B98F /* Release */ = {
			isa = XCBuildConfiguration;
			buildSettings = {
				ALWAYS_EMBED_SWIFT_STANDARD_LIBRARIES = YES;
				CODE_SIGN_STYLE = Automatic;
				DEVELOPMENT_TEAM = 392NZUSY8M;
				INFOPLIST_FILE = BattleshipUITests/Info.plist;
				LD_RUNPATH_SEARCH_PATHS = (
					"$(inherited)",
					"@executable_path/Frameworks",
					"@loader_path/Frameworks",
				);
				PRODUCT_BUNDLE_IDENTIFIER = "Emin-Emini.BattleshipUITests";
				PRODUCT_NAME = "$(TARGET_NAME)";
				SWIFT_VERSION = 5.0;
				TARGETED_DEVICE_FAMILY = "1,2";
				TEST_TARGET_NAME = Battleship;
			};
			name = Release;
		};
/* End XCBuildConfiguration section */

/* Begin XCConfigurationList section */
		235B729123561BF000A3B98F /* Build configuration list for PBXProject "Battleship" */ = {
			isa = XCConfigurationList;
			buildConfigurations = (
				235B72BE23561BF400A3B98F /* Debug */,
				235B72BF23561BF400A3B98F /* Release */,
			);
			defaultConfigurationIsVisible = 0;
			defaultConfigurationName = Release;
		};
		235B72C023561BF400A3B98F /* Build configuration list for PBXNativeTarget "Battleship" */ = {
			isa = XCConfigurationList;
			buildConfigurations = (
				235B72C123561BF400A3B98F /* Debug */,
				235B72C223561BF400A3B98F /* Release */,
			);
			defaultConfigurationIsVisible = 0;
			defaultConfigurationName = Release;
		};
		235B72C323561BF400A3B98F /* Build configuration list for PBXNativeTarget "BattleshipTests" */ = {
			isa = XCConfigurationList;
			buildConfigurations = (
				235B72C423561BF400A3B98F /* Debug */,
				235B72C523561BF400A3B98F /* Release */,
			);
			defaultConfigurationIsVisible = 0;
			defaultConfigurationName = Release;
		};
		235B72C623561BF400A3B98F /* Build configuration list for PBXNativeTarget "BattleshipUITests" */ = {
			isa = XCConfigurationList;
			buildConfigurations = (
				235B72C723561BF400A3B98F /* Debug */,
				235B72C823561BF400A3B98F /* Release */,
			);
			defaultConfigurationIsVisible = 0;
			defaultConfigurationName = Release;
		};
/* End XCConfigurationList section */
	};
	rootObject = 235B728E23561BF000A3B98F /* Project object */;
}
